// !$*UTF8*$!
{
	archiveVersion = 1;
	classes = {
	};
	objectVersion = 56;
	objects = {

/* Begin PBXBuildFile section */
		5B01685B2BBFDA8D00950730 /* SymbolsModel.swift in Sources */ = {isa = PBXBuildFile; fileRef = 5B01685A2BBFDA8D00950730 /* SymbolsModel.swift */; };
		5B01685C2BBFDAF000950730 /* SymbolsResponseDTO.swift in Sources */ = {isa = PBXBuildFile; fileRef = 5BB787D82BBD6AE80009A870 /* SymbolsResponseDTO.swift */; };
		5B01685D2BBFDB2900950730 /* RatesResponseDTO.swift in Sources */ = {isa = PBXBuildFile; fileRef = 5BB787D72BBD6AE60009A870 /* RatesResponseDTO.swift */; };
		5B01685F2BBFE13E00950730 /* RatesModel.swift in Sources */ = {isa = PBXBuildFile; fileRef = 5B01685E2BBFE13E00950730 /* RatesModel.swift */; };
		5B70BDD72C0AFDF900B15191 /* ConverterCurrencyPresenter.swift in Sources */ = {isa = PBXBuildFile; fileRef = 5B70BDD62C0AFDF900B15191 /* ConverterCurrencyPresenter.swift */; };
		5B70BDD92C0AFE0800B15191 /* ConverterCurrencyRouter.swift in Sources */ = {isa = PBXBuildFile; fileRef = 5B70BDD82C0AFE0800B15191 /* ConverterCurrencyRouter.swift */; };
		5B70BDDB2C0AFE1600B15191 /* ConverterCurrencyView.swift in Sources */ = {isa = PBXBuildFile; fileRef = 5B70BDDA2C0AFE1600B15191 /* ConverterCurrencyView.swift */; };
		5B70BDDD2C0AFE2C00B15191 /* ConverterCurrencyFactory.swift in Sources */ = {isa = PBXBuildFile; fileRef = 5B70BDDC2C0AFE2C00B15191 /* ConverterCurrencyFactory.swift */; };
		5B99F7312C132FEC000B7B3B /* SelectionCurrencyFactory.swift in Sources */ = {isa = PBXBuildFile; fileRef = 5B99F7302C132FEC000B7B3B /* SelectionCurrencyFactory.swift */; };
		5B99F7332C1330B5000B7B3B /* SelectionCurrencyPresenter.swift in Sources */ = {isa = PBXBuildFile; fileRef = 5B99F7322C1330B5000B7B3B /* SelectionCurrencyPresenter.swift */; };
		5B99F7352C1330DC000B7B3B /* SelectionCurrencyRouter.swift in Sources */ = {isa = PBXBuildFile; fileRef = 5B99F7342C1330DC000B7B3B /* SelectionCurrencyRouter.swift */; };
		5B99F7372C1330E8000B7B3B /* SelectionCurrencyView.swift in Sources */ = {isa = PBXBuildFile; fileRef = 5B99F7362C1330E8000B7B3B /* SelectionCurrencyView.swift */; };
		5B99F7392C133110000B7B3B /* SelectionCurrencyViewController.swift in Sources */ = {isa = PBXBuildFile; fileRef = 5B99F7382C133110000B7B3B /* SelectionCurrencyViewController.swift */; };
		5B9B880C2BD408F000ADEF15 /* SymbolsDemoService.swift in Sources */ = {isa = PBXBuildFile; fileRef = 5B9B880B2BD408F000ADEF15 /* SymbolsDemoService.swift */; };
		5BACC1452BDBB3C5007422DD /* NetworkService.swift in Sources */ = {isa = PBXBuildFile; fileRef = 5BACC1442BDBB3C5007422DD /* NetworkService.swift */; };
		5BB667802C2BEE4700F98B2D /* ConverterCurrencyTableViewCell.swift in Sources */ = {isa = PBXBuildFile; fileRef = 5BB6677F2C2BEE4700F98B2D /* ConverterCurrencyTableViewCell.swift */; };
		5BB70C792C254AC800CDC6C3 /* SelectionCurrencyTableViewCell.swift in Sources */ = {isa = PBXBuildFile; fileRef = 5BB70C782C254AC800CDC6C3 /* SelectionCurrencyTableViewCell.swift */; };
		5BB787C22BBD26520009A870 /* NetworkClientError.swift in Sources */ = {isa = PBXBuildFile; fileRef = 5BB787C12BBD26520009A870 /* NetworkClientError.swift */; };
		5BB787D02BBD30070009A870 /* SymbolsService.swift in Sources */ = {isa = PBXBuildFile; fileRef = 5BB787CF2BBD30070009A870 /* SymbolsService.swift */; };
		5BB787D22BBD30900009A870 /* RatesService.swift in Sources */ = {isa = PBXBuildFile; fileRef = 5BB787D12BBD30900009A870 /* RatesService.swift */; };
		5BB7D67C2C7B6E170073E075 /* RatesDemoService.swift in Sources */ = {isa = PBXBuildFile; fileRef = 5BB7D67B2C7B6E160073E075 /* RatesDemoService.swift */; };
		5BBC95952BD64D790038E10E /* Extensions.swift in Sources */ = {isa = PBXBuildFile; fileRef = 5BBC95942BD64D790038E10E /* Extensions.swift */; };
		5BBF4A762C7889230053B115 /* Settings.swift in Sources */ = {isa = PBXBuildFile; fileRef = 5BBF4A752C7889230053B115 /* Settings.swift */; };
		5BC0571F2C296661000C5385 /* DataStorageService.swift in Sources */ = {isa = PBXBuildFile; fileRef = 5BC0571E2C296660000C5385 /* DataStorageService.swift */; };
		5BC057212C2981BD000C5385 /* CurrenciesReceived.swift in Sources */ = {isa = PBXBuildFile; fileRef = 5BC057202C2981BD000C5385 /* CurrenciesReceived.swift */; };
		5BC4C2312BB543AE00E40CFB /* AppDelegate.swift in Sources */ = {isa = PBXBuildFile; fileRef = 5BC4C2302BB543AE00E40CFB /* AppDelegate.swift */; };
		5BC4C2332BB543AE00E40CFB /* SceneDelegate.swift in Sources */ = {isa = PBXBuildFile; fileRef = 5BC4C2322BB543AE00E40CFB /* SceneDelegate.swift */; };
		5BC4C2352BB543AE00E40CFB /* ConverterCurrencyViewController.swift in Sources */ = {isa = PBXBuildFile; fileRef = 5BC4C2342BB543AE00E40CFB /* ConverterCurrencyViewController.swift */; };
		5BC4C23A2BB543B100E40CFB /* Assets.xcassets in Resources */ = {isa = PBXBuildFile; fileRef = 5BC4C2392BB543B100E40CFB /* Assets.xcassets */; };
		5BC4C23D2BB543B100E40CFB /* LaunchScreen.storyboard in Resources */ = {isa = PBXBuildFile; fileRef = 5BC4C23B2BB543B100E40CFB /* LaunchScreen.storyboard */; };
		5BC4C2472BB5690200E40CFB /* NetworkClient.swift in Sources */ = {isa = PBXBuildFile; fileRef = 5BC4C2462BB5690200E40CFB /* NetworkClient.swift */; };
		5BCDA41B2CA68F9B00C8ED81 /* TableManagerService.swift in Sources */ = {isa = PBXBuildFile; fileRef = 5BCDA41A2CA68F9B00C8ED81 /* TableManagerService.swift */; };
		5BEFC4DF2CA9843A00818522 /* ConfiguratorCell.swift in Sources */ = {isa = PBXBuildFile; fileRef = 5BEFC4DE2CA9840B00818522 /* ConfiguratorCell.swift */; };
		8E09634F2BD41887001244DF /* TokenProvider.swift in Sources */ = {isa = PBXBuildFile; fileRef = 8E09634E2BD41887001244DF /* TokenProvider.swift */; };
/* End PBXBuildFile section */

/* Begin PBXFileReference section */
		5B01685A2BBFDA8D00950730 /* SymbolsModel.swift */ = {isa = PBXFileReference; lastKnownFileType = sourcecode.swift; path = SymbolsModel.swift; sourceTree = "<group>"; };
		5B01685E2BBFE13E00950730 /* RatesModel.swift */ = {isa = PBXFileReference; lastKnownFileType = sourcecode.swift; path = RatesModel.swift; sourceTree = "<group>"; };
		5B70BDD62C0AFDF900B15191 /* ConverterCurrencyPresenter.swift */ = {isa = PBXFileReference; lastKnownFileType = sourcecode.swift; path = ConverterCurrencyPresenter.swift; sourceTree = "<group>"; };
		5B70BDD82C0AFE0800B15191 /* ConverterCurrencyRouter.swift */ = {isa = PBXFileReference; lastKnownFileType = sourcecode.swift; path = ConverterCurrencyRouter.swift; sourceTree = "<group>"; };
		5B70BDDA2C0AFE1600B15191 /* ConverterCurrencyView.swift */ = {isa = PBXFileReference; lastKnownFileType = sourcecode.swift; path = ConverterCurrencyView.swift; sourceTree = "<group>"; };
		5B70BDDC2C0AFE2C00B15191 /* ConverterCurrencyFactory.swift */ = {isa = PBXFileReference; lastKnownFileType = sourcecode.swift; path = ConverterCurrencyFactory.swift; sourceTree = "<group>"; };
		5B99F7302C132FEC000B7B3B /* SelectionCurrencyFactory.swift */ = {isa = PBXFileReference; lastKnownFileType = sourcecode.swift; path = SelectionCurrencyFactory.swift; sourceTree = "<group>"; };
		5B99F7322C1330B5000B7B3B /* SelectionCurrencyPresenter.swift */ = {isa = PBXFileReference; lastKnownFileType = sourcecode.swift; path = SelectionCurrencyPresenter.swift; sourceTree = "<group>"; };
		5B99F7342C1330DC000B7B3B /* SelectionCurrencyRouter.swift */ = {isa = PBXFileReference; lastKnownFileType = sourcecode.swift; path = SelectionCurrencyRouter.swift; sourceTree = "<group>"; };
		5B99F7362C1330E8000B7B3B /* SelectionCurrencyView.swift */ = {isa = PBXFileReference; lastKnownFileType = sourcecode.swift; path = SelectionCurrencyView.swift; sourceTree = "<group>"; };
		5B99F7382C133110000B7B3B /* SelectionCurrencyViewController.swift */ = {isa = PBXFileReference; lastKnownFileType = sourcecode.swift; path = SelectionCurrencyViewController.swift; sourceTree = "<group>"; };
		5B9B880B2BD408F000ADEF15 /* SymbolsDemoService.swift */ = {isa = PBXFileReference; lastKnownFileType = sourcecode.swift; path = SymbolsDemoService.swift; sourceTree = "<group>"; };
		5BACC1442BDBB3C5007422DD /* NetworkService.swift */ = {isa = PBXFileReference; lastKnownFileType = sourcecode.swift; path = NetworkService.swift; sourceTree = "<group>"; };
		5BB6677F2C2BEE4700F98B2D /* ConverterCurrencyTableViewCell.swift */ = {isa = PBXFileReference; lastKnownFileType = sourcecode.swift; path = ConverterCurrencyTableViewCell.swift; sourceTree = "<group>"; };
		5BB70C782C254AC800CDC6C3 /* SelectionCurrencyTableViewCell.swift */ = {isa = PBXFileReference; lastKnownFileType = sourcecode.swift; path = SelectionCurrencyTableViewCell.swift; sourceTree = "<group>"; };
		5BB787C12BBD26520009A870 /* NetworkClientError.swift */ = {isa = PBXFileReference; lastKnownFileType = sourcecode.swift; path = NetworkClientError.swift; sourceTree = "<group>"; };
		5BB787CF2BBD30070009A870 /* SymbolsService.swift */ = {isa = PBXFileReference; lastKnownFileType = sourcecode.swift; path = SymbolsService.swift; sourceTree = "<group>"; };
		5BB787D12BBD30900009A870 /* RatesService.swift */ = {isa = PBXFileReference; lastKnownFileType = sourcecode.swift; path = RatesService.swift; sourceTree = "<group>"; };
		5BB787D72BBD6AE60009A870 /* RatesResponseDTO.swift */ = {isa = PBXFileReference; lastKnownFileType = sourcecode.swift; path = RatesResponseDTO.swift; sourceTree = "<group>"; };
		5BB787D82BBD6AE80009A870 /* SymbolsResponseDTO.swift */ = {isa = PBXFileReference; lastKnownFileType = sourcecode.swift; path = SymbolsResponseDTO.swift; sourceTree = "<group>"; };
		5BB7D67B2C7B6E160073E075 /* RatesDemoService.swift */ = {isa = PBXFileReference; lastKnownFileType = sourcecode.swift; path = RatesDemoService.swift; sourceTree = "<group>"; };
		5BBC95942BD64D790038E10E /* Extensions.swift */ = {isa = PBXFileReference; lastKnownFileType = sourcecode.swift; path = Extensions.swift; sourceTree = "<group>"; };
		5BBF4A752C7889230053B115 /* Settings.swift */ = {isa = PBXFileReference; lastKnownFileType = sourcecode.swift; path = Settings.swift; sourceTree = "<group>"; };
		5BC0571E2C296660000C5385 /* DataStorageService.swift */ = {isa = PBXFileReference; lastKnownFileType = sourcecode.swift; path = DataStorageService.swift; sourceTree = "<group>"; };
		5BC057202C2981BD000C5385 /* CurrenciesReceived.swift */ = {isa = PBXFileReference; lastKnownFileType = sourcecode.swift; path = CurrenciesReceived.swift; sourceTree = "<group>"; };
		5BC4C22D2BB543AE00E40CFB /* ExchangeRates.app */ = {isa = PBXFileReference; explicitFileType = wrapper.application; includeInIndex = 0; path = ExchangeRates.app; sourceTree = BUILT_PRODUCTS_DIR; };
		5BC4C2302BB543AE00E40CFB /* AppDelegate.swift */ = {isa = PBXFileReference; lastKnownFileType = sourcecode.swift; path = AppDelegate.swift; sourceTree = "<group>"; };
		5BC4C2322BB543AE00E40CFB /* SceneDelegate.swift */ = {isa = PBXFileReference; lastKnownFileType = sourcecode.swift; path = SceneDelegate.swift; sourceTree = "<group>"; };
		5BC4C2342BB543AE00E40CFB /* ConverterCurrencyViewController.swift */ = {isa = PBXFileReference; lastKnownFileType = sourcecode.swift; path = ConverterCurrencyViewController.swift; sourceTree = "<group>"; };
		5BC4C2392BB543B100E40CFB /* Assets.xcassets */ = {isa = PBXFileReference; lastKnownFileType = folder.assetcatalog; path = Assets.xcassets; sourceTree = "<group>"; };
		5BC4C23C2BB543B100E40CFB /* Base */ = {isa = PBXFileReference; lastKnownFileType = file.storyboard; name = Base; path = Base.lproj/LaunchScreen.storyboard; sourceTree = "<group>"; };
		5BC4C23E2BB543B100E40CFB /* Info.plist */ = {isa = PBXFileReference; lastKnownFileType = text.plist.xml; path = Info.plist; sourceTree = "<group>"; };
		5BC4C2462BB5690200E40CFB /* NetworkClient.swift */ = {isa = PBXFileReference; lastKnownFileType = sourcecode.swift; path = NetworkClient.swift; sourceTree = "<group>"; };
		5BCDA41A2CA68F9B00C8ED81 /* TableManagerService.swift */ = {isa = PBXFileReference; lastKnownFileType = sourcecode.swift; path = TableManagerService.swift; sourceTree = "<group>"; };
		5BEFC4DE2CA9840B00818522 /* ConfiguratorCell.swift */ = {isa = PBXFileReference; lastKnownFileType = sourcecode.swift; path = ConfiguratorCell.swift; sourceTree = "<group>"; };
		8E09634E2BD41887001244DF /* TokenProvider.swift */ = {isa = PBXFileReference; lastKnownFileType = sourcecode.swift; path = TokenProvider.swift; sourceTree = "<group>"; };
/* End PBXFileReference section */

/* Begin PBXFrameworksBuildPhase section */
		5BC4C22A2BB543AE00E40CFB /* Frameworks */ = {
			isa = PBXFrameworksBuildPhase;
			buildActionMask = 2147483647;
			files = (
			);
			runOnlyForDeploymentPostprocessing = 0;
		};
/* End PBXFrameworksBuildPhase section */

/* Begin PBXGroup section */
		5B70BDDF2C0B012600B15191 /* Modules */ = {
			isa = PBXGroup;
			children = (
				5BCA4BA52C09C6080090E3B8 /* ConverterCurrency */,
				5BCA4BA62C09C7700090E3B8 /* SelectionCurrency */,
			);
			path = Modules;
			sourceTree = "<group>";
		};
		5BB787CE2BBD2EC30009A870 /* ApplicationDelegate */ = {
			isa = PBXGroup;
			children = (
				5BC4C2302BB543AE00E40CFB /* AppDelegate.swift */,
				5BC4C2322BB543AE00E40CFB /* SceneDelegate.swift */,
			);
			path = ApplicationDelegate;
			sourceTree = "<group>";
		};
		5BB787D32BBD36B70009A870 /* General */ = {
			isa = PBXGroup;
			children = (
				5BC0571D2C296637000C5385 /* Services */,
				5BBC95932BD64D5D0038E10E /* Extensions */,
				5BED9B412BBFFDA8007AEB1F /* Models */,
			);
			path = General;
			sourceTree = "<group>";
		};
		5BB787D42BBD36C10009A870 /* Resourses */ = {
			isa = PBXGroup;
			children = (
				5BC4C2392BB543B100E40CFB /* Assets.xcassets */,
				5BC4C23B2BB543B100E40CFB /* LaunchScreen.storyboard */,
				5BBF4A752C7889230053B115 /* Settings.swift */,
			);
			path = Resourses;
			sourceTree = "<group>";
		};
		5BBC95932BD64D5D0038E10E /* Extensions */ = {
			isa = PBXGroup;
			children = (
				5BBC95942BD64D790038E10E /* Extensions.swift */,
			);
			path = Extensions;
			sourceTree = "<group>";
		};
		5BC0571D2C296637000C5385 /* Services */ = {
			isa = PBXGroup;
			children = (
				5BC0571E2C296660000C5385 /* DataStorageService.swift */,
				5BC9A5A52CA821F700031190 /* TableManager */,
			);
			path = Services;
			sourceTree = "<group>";
		};
		5BC2989C2BBC037B004928B2 /* Services */ = {
			isa = PBXGroup;
			children = (
				5BC4C2462BB5690200E40CFB /* NetworkClient.swift */,
				5BACC1442BDBB3C5007422DD /* NetworkService.swift */,
				5BB787D12BBD30900009A870 /* RatesService.swift */,
				5BB7D67B2C7B6E160073E075 /* RatesDemoService.swift */,
				5BB787CF2BBD30070009A870 /* SymbolsService.swift */,
				5B9B880B2BD408F000ADEF15 /* SymbolsDemoService.swift */,
			);
			path = Services;
			sourceTree = "<group>";
		};
		5BC2989D2BBC0390004928B2 /* Models */ = {
			isa = PBXGroup;
			children = (
				5BB787C12BBD26520009A870 /* NetworkClientError.swift */,
				5BB787D72BBD6AE60009A870 /* RatesResponseDTO.swift */,
				5BB787D82BBD6AE80009A870 /* SymbolsResponseDTO.swift */,
			);
			path = Models;
			sourceTree = "<group>";
		};
		5BC2989E2BBC03F1004928B2 /* Network */ = {
			isa = PBXGroup;
			children = (
				5BC2989D2BBC0390004928B2 /* Models */,
				5BC2989C2BBC037B004928B2 /* Services */,
				8E09634E2BD41887001244DF /* TokenProvider.swift */,
			);
			path = Network;
			sourceTree = "<group>";
		};
		5BC4C2242BB543AE00E40CFB = {
			isa = PBXGroup;
			children = (
				5BC4C22F2BB543AE00E40CFB /* ExchangeRates */,
				5BC4C22E2BB543AE00E40CFB /* Products */,
			);
			sourceTree = "<group>";
		};
		5BC4C22E2BB543AE00E40CFB /* Products */ = {
			isa = PBXGroup;
			children = (
				5BC4C22D2BB543AE00E40CFB /* ExchangeRates.app */,
			);
			name = Products;
			sourceTree = "<group>";
		};
		5BC4C22F2BB543AE00E40CFB /* ExchangeRates */ = {
			isa = PBXGroup;
			children = (
				5BC2989E2BBC03F1004928B2 /* Network */,
				5BB787CE2BBD2EC30009A870 /* ApplicationDelegate */,
				5BB787D32BBD36B70009A870 /* General */,
				5B70BDDF2C0B012600B15191 /* Modules */,
				5BB787D42BBD36C10009A870 /* Resourses */,
				5BC4C23E2BB543B100E40CFB /* Info.plist */,
			);
			path = ExchangeRates;
			sourceTree = "<group>";
		};
		5BC9A5A52CA821F700031190 /* TableManager */ = {
			isa = PBXGroup;
			children = (
				5BCDA41A2CA68F9B00C8ED81 /* TableManagerService.swift */,
				5BEFC4DE2CA9840B00818522 /* ConfiguratorCell.swift */,
			);
			path = TableManager;
			sourceTree = "<group>";
		};
		5BCA4BA52C09C6080090E3B8 /* ConverterCurrency */ = {
			isa = PBXGroup;
			children = (
				5BC4C2342BB543AE00E40CFB /* ConverterCurrencyViewController.swift */,
				5B70BDD62C0AFDF900B15191 /* ConverterCurrencyPresenter.swift */,
				5B70BDD82C0AFE0800B15191 /* ConverterCurrencyRouter.swift */,
				5B70BDDA2C0AFE1600B15191 /* ConverterCurrencyView.swift */,
				5B70BDDC2C0AFE2C00B15191 /* ConverterCurrencyFactory.swift */,
				5BB6677F2C2BEE4700F98B2D /* ConverterCurrencyTableViewCell.swift */,
			);
			path = ConverterCurrency;
			sourceTree = "<group>";
		};
		5BCA4BA62C09C7700090E3B8 /* SelectionCurrency */ = {
			isa = PBXGroup;
			children = (
				5B99F7382C133110000B7B3B /* SelectionCurrencyViewController.swift */,
				5B99F7302C132FEC000B7B3B /* SelectionCurrencyFactory.swift */,
				5B99F7322C1330B5000B7B3B /* SelectionCurrencyPresenter.swift */,
				5B99F7342C1330DC000B7B3B /* SelectionCurrencyRouter.swift */,
				5B99F7362C1330E8000B7B3B /* SelectionCurrencyView.swift */,
				5BB70C782C254AC800CDC6C3 /* SelectionCurrencyTableViewCell.swift */,
			);
			path = SelectionCurrency;
			sourceTree = "<group>";
		};
		5BED9B412BBFFDA8007AEB1F /* Models */ = {
			isa = PBXGroup;
			children = (
				5B01685E2BBFE13E00950730 /* RatesModel.swift */,
				5B01685A2BBFDA8D00950730 /* SymbolsModel.swift */,
				5BC057202C2981BD000C5385 /* CurrenciesReceived.swift */,
			);
			path = Models;
			sourceTree = "<group>";
		};
/* End PBXGroup section */

/* Begin PBXNativeTarget section */
		5BC4C22C2BB543AE00E40CFB /* ExchangeRates */ = {
			isa = PBXNativeTarget;
			buildConfigurationList = 5BC4C2412BB543B100E40CFB /* Build configuration list for PBXNativeTarget "ExchangeRates" */;
			buildPhases = (
				5BC4C2292BB543AE00E40CFB /* Sources */,
				5BC4C22A2BB543AE00E40CFB /* Frameworks */,
				5BC4C22B2BB543AE00E40CFB /* Resources */,
				5BBC95962BD656A30038E10E /* Run SwiftLint */,
				5BBC95972BD678BC0038E10E /* Run SwiftFormat */,
			);
			buildRules = (
			);
			dependencies = (
			);
			name = ExchangeRates;
			productName = ExchangeRates;
			productReference = 5BC4C22D2BB543AE00E40CFB /* ExchangeRates.app */;
			productType = "com.apple.product-type.application";
		};
/* End PBXNativeTarget section */

/* Begin PBXProject section */
		5BC4C2252BB543AE00E40CFB /* Project object */ = {
			isa = PBXProject;
			attributes = {
				BuildIndependentTargetsInParallel = 1;
				LastSwiftUpdateCheck = 1520;
				LastUpgradeCheck = 1520;
				TargetAttributes = {
					5BC4C22C2BB543AE00E40CFB = {
						CreatedOnToolsVersion = 15.2;
					};
				};
			};
			buildConfigurationList = 5BC4C2282BB543AE00E40CFB /* Build configuration list for PBXProject "ExchangeRates" */;
			compatibilityVersion = "Xcode 14.0";
			developmentRegion = en;
			hasScannedForEncodings = 0;
			knownRegions = (
				en,
				Base,
			);
			mainGroup = 5BC4C2242BB543AE00E40CFB;
			productRefGroup = 5BC4C22E2BB543AE00E40CFB /* Products */;
			projectDirPath = "";
			projectRoot = "";
			targets = (
				5BC4C22C2BB543AE00E40CFB /* ExchangeRates */,
			);
		};
/* End PBXProject section */

/* Begin PBXResourcesBuildPhase section */
		5BC4C22B2BB543AE00E40CFB /* Resources */ = {
			isa = PBXResourcesBuildPhase;
			buildActionMask = 2147483647;
			files = (
				5BC4C23D2BB543B100E40CFB /* LaunchScreen.storyboard in Resources */,
				5BC4C23A2BB543B100E40CFB /* Assets.xcassets in Resources */,
			);
			runOnlyForDeploymentPostprocessing = 0;
		};
/* End PBXResourcesBuildPhase section */

/* Begin PBXShellScriptBuildPhase section */
		5BBC95962BD656A30038E10E /* Run SwiftLint */ = {
			isa = PBXShellScriptBuildPhase;
			buildActionMask = 2147483647;
			files = (
			);
			inputFileListPaths = (
			);
			inputPaths = (
			);
			name = "Run SwiftLint";
			outputFileListPaths = (
			);
			outputPaths = (
			);
			runOnlyForDeploymentPostprocessing = 0;
			shellPath = /bin/sh;
			shellScript = "    if which swiftlint >/dev/null; then\n        swiftlint\n        else\n            echo \"warning: SwiftLint not installed, download from https: //github.com/realm/SwiftLint\"\n        fi        \n";
		};
		5BBC95972BD678BC0038E10E /* Run SwiftFormat */ = {
			isa = PBXShellScriptBuildPhase;
			buildActionMask = 2147483647;
			files = (
			);
			inputFileListPaths = (
			);
			inputPaths = (
			);
			name = "Run SwiftFormat";
			outputFileListPaths = (
			);
			outputPaths = (
			);
			runOnlyForDeploymentPostprocessing = 0;
			shellPath = /bin/sh;
			shellScript = "if which swiftformat >/dev/null; then\n  swiftformat .\nelse\n  echo \"warning: SwiftFormat not installed, download from https://github.com/nicklockwood/SwiftFormat\"\nfi\n";
		};
/* End PBXShellScriptBuildPhase section */

/* Begin PBXSourcesBuildPhase section */
		5BC4C2292BB543AE00E40CFB /* Sources */ = {
			isa = PBXSourcesBuildPhase;
			buildActionMask = 2147483647;
			files = (
				5BB7D67C2C7B6E170073E075 /* RatesDemoService.swift in Sources */,
				5BBF4A762C7889230053B115 /* Settings.swift in Sources */,
				5B01685C2BBFDAF000950730 /* SymbolsResponseDTO.swift in Sources */,
				8E09634F2BD41887001244DF /* TokenProvider.swift in Sources */,
				5B70BDD72C0AFDF900B15191 /* ConverterCurrencyPresenter.swift in Sources */,
				5B01685B2BBFDA8D00950730 /* SymbolsModel.swift in Sources */,
				5BCDA41B2CA68F9B00C8ED81 /* TableManagerService.swift in Sources */,
				5B99F7392C133110000B7B3B /* SelectionCurrencyViewController.swift in Sources */,
				5BB787D22BBD30900009A870 /* RatesService.swift in Sources */,
				5BC4C2352BB543AE00E40CFB /* ConverterCurrencyViewController.swift in Sources */,
				5B01685D2BBFDB2900950730 /* RatesResponseDTO.swift in Sources */,
				5BB787D02BBD30070009A870 /* SymbolsService.swift in Sources */,
				5BB667802C2BEE4700F98B2D /* ConverterCurrencyTableViewCell.swift in Sources */,
				5B99F7372C1330E8000B7B3B /* SelectionCurrencyView.swift in Sources */,
				5B70BDDB2C0AFE1600B15191 /* ConverterCurrencyView.swift in Sources */,
				5B9B880C2BD408F000ADEF15 /* SymbolsDemoService.swift in Sources */,
				5B99F7312C132FEC000B7B3B /* SelectionCurrencyFactory.swift in Sources */,
				5B99F7332C1330B5000B7B3B /* SelectionCurrencyPresenter.swift in Sources */,
				5B70BDDD2C0AFE2C00B15191 /* ConverterCurrencyFactory.swift in Sources */,
				5B70BDD92C0AFE0800B15191 /* ConverterCurrencyRouter.swift in Sources */,
				5BB787C22BBD26520009A870 /* NetworkClientError.swift in Sources */,
				5BC4C2472BB5690200E40CFB /* NetworkClient.swift in Sources */,
				5BACC1452BDBB3C5007422DD /* NetworkService.swift in Sources */,
				5B01685F2BBFE13E00950730 /* RatesModel.swift in Sources */,
				5BEFC4DF2CA9843A00818522 /* ConfiguratorCell.swift in Sources */,
				5B99F7352C1330DC000B7B3B /* SelectionCurrencyRouter.swift in Sources */,
				5BC4C2312BB543AE00E40CFB /* AppDelegate.swift in Sources */,
				5BC4C2332BB543AE00E40CFB /* SceneDelegate.swift in Sources */,
				5BC0571F2C296661000C5385 /* DataStorageService.swift in Sources */,
				5BC057212C2981BD000C5385 /* CurrenciesReceived.swift in Sources */,
				5BBC95952BD64D790038E10E /* Extensions.swift in Sources */,
				5BB70C792C254AC800CDC6C3 /* SelectionCurrencyTableViewCell.swift in Sources */,
			);
			runOnlyForDeploymentPostprocessing = 0;
		};
/* End PBXSourcesBuildPhase section */

/* Begin PBXVariantGroup section */
		5BC4C23B2BB543B100E40CFB /* LaunchScreen.storyboard */ = {
			isa = PBXVariantGroup;
			children = (
				5BC4C23C2BB543B100E40CFB /* Base */,
			);
			name = LaunchScreen.storyboard;
			sourceTree = "<group>";
		};
/* End PBXVariantGroup section */

/* Begin XCBuildConfiguration section */
		5BC4C23F2BB543B100E40CFB /* Debug */ = {
			isa = XCBuildConfiguration;
			buildSettings = {
				ALWAYS_SEARCH_USER_PATHS = NO;
				ASSETCATALOG_COMPILER_GENERATE_SWIFT_ASSET_SYMBOL_EXTENSIONS = YES;
				CLANG_ANALYZER_NONNULL = YES;
				CLANG_ANALYZER_NUMBER_OBJECT_CONVERSION = YES_AGGRESSIVE;
				CLANG_CXX_LANGUAGE_STANDARD = "gnu++20";
				CLANG_ENABLE_MODULES = YES;
				CLANG_ENABLE_OBJC_ARC = YES;
				CLANG_ENABLE_OBJC_WEAK = YES;
				CLANG_WARN_BLOCK_CAPTURE_AUTORELEASING = YES;
				CLANG_WARN_BOOL_CONVERSION = YES;
				CLANG_WARN_COMMA = YES;
				CLANG_WARN_CONSTANT_CONVERSION = YES;
				CLANG_WARN_DEPRECATED_OBJC_IMPLEMENTATIONS = YES;
				CLANG_WARN_DIRECT_OBJC_ISA_USAGE = YES_ERROR;
				CLANG_WARN_DOCUMENTATION_COMMENTS = YES;
				CLANG_WARN_EMPTY_BODY = YES;
				CLANG_WARN_ENUM_CONVERSION = YES;
				CLANG_WARN_INFINITE_RECURSION = YES;
				CLANG_WARN_INT_CONVERSION = YES;
				CLANG_WARN_NON_LITERAL_NULL_CONVERSION = YES;
				CLANG_WARN_OBJC_IMPLICIT_RETAIN_SELF = YES;
				CLANG_WARN_OBJC_LITERAL_CONVERSION = YES;
				CLANG_WARN_OBJC_ROOT_CLASS = YES_ERROR;
				CLANG_WARN_QUOTED_INCLUDE_IN_FRAMEWORK_HEADER = YES;
				CLANG_WARN_RANGE_LOOP_ANALYSIS = YES;
				CLANG_WARN_STRICT_PROTOTYPES = YES;
				CLANG_WARN_SUSPICIOUS_MOVE = YES;
				CLANG_WARN_UNGUARDED_AVAILABILITY = YES_AGGRESSIVE;
				CLANG_WARN_UNREACHABLE_CODE = YES;
				CLANG_WARN__DUPLICATE_METHOD_MATCH = YES;
				COPY_PHASE_STRIP = NO;
				DEBUG_INFORMATION_FORMAT = dwarf;
				ENABLE_STRICT_OBJC_MSGSEND = YES;
				ENABLE_TESTABILITY = YES;
				ENABLE_USER_SCRIPT_SANDBOXING = YES;
				GCC_C_LANGUAGE_STANDARD = gnu17;
				GCC_DYNAMIC_NO_PIC = NO;
				GCC_NO_COMMON_BLOCKS = YES;
				GCC_OPTIMIZATION_LEVEL = 0;
				GCC_PREPROCESSOR_DEFINITIONS = (
					"DEBUG=1",
					"$(inherited)",
				);
				GCC_WARN_64_TO_32_BIT_CONVERSION = YES;
				GCC_WARN_ABOUT_RETURN_TYPE = YES_ERROR;
				GCC_WARN_UNDECLARED_SELECTOR = YES;
				GCC_WARN_UNINITIALIZED_AUTOS = YES_AGGRESSIVE;
				GCC_WARN_UNUSED_FUNCTION = YES;
				GCC_WARN_UNUSED_VARIABLE = YES;
				IPHONEOS_DEPLOYMENT_TARGET = 17.2;
				LOCALIZATION_PREFERS_STRING_CATALOGS = YES;
				MTL_ENABLE_DEBUG_INFO = INCLUDE_SOURCE;
				MTL_FAST_MATH = YES;
				ONLY_ACTIVE_ARCH = YES;
				SDKROOT = iphoneos;
				SWIFT_ACTIVE_COMPILATION_CONDITIONS = "DEBUG $(inherited)";
				SWIFT_OPTIMIZATION_LEVEL = "-Onone";
			};
			name = Debug;
		};
		5BC4C2402BB543B100E40CFB /* Release */ = {
			isa = XCBuildConfiguration;
			buildSettings = {
				ALWAYS_SEARCH_USER_PATHS = NO;
				ASSETCATALOG_COMPILER_GENERATE_SWIFT_ASSET_SYMBOL_EXTENSIONS = YES;
				CLANG_ANALYZER_NONNULL = YES;
				CLANG_ANALYZER_NUMBER_OBJECT_CONVERSION = YES_AGGRESSIVE;
				CLANG_CXX_LANGUAGE_STANDARD = "gnu++20";
				CLANG_ENABLE_MODULES = YES;
				CLANG_ENABLE_OBJC_ARC = YES;
				CLANG_ENABLE_OBJC_WEAK = YES;
				CLANG_WARN_BLOCK_CAPTURE_AUTORELEASING = YES;
				CLANG_WARN_BOOL_CONVERSION = YES;
				CLANG_WARN_COMMA = YES;
				CLANG_WARN_CONSTANT_CONVERSION = YES;
				CLANG_WARN_DEPRECATED_OBJC_IMPLEMENTATIONS = YES;
				CLANG_WARN_DIRECT_OBJC_ISA_USAGE = YES_ERROR;
				CLANG_WARN_DOCUMENTATION_COMMENTS = YES;
				CLANG_WARN_EMPTY_BODY = YES;
				CLANG_WARN_ENUM_CONVERSION = YES;
				CLANG_WARN_INFINITE_RECURSION = YES;
				CLANG_WARN_INT_CONVERSION = YES;
				CLANG_WARN_NON_LITERAL_NULL_CONVERSION = YES;
				CLANG_WARN_OBJC_IMPLICIT_RETAIN_SELF = YES;
				CLANG_WARN_OBJC_LITERAL_CONVERSION = YES;
				CLANG_WARN_OBJC_ROOT_CLASS = YES_ERROR;
				CLANG_WARN_QUOTED_INCLUDE_IN_FRAMEWORK_HEADER = YES;
				CLANG_WARN_RANGE_LOOP_ANALYSIS = YES;
				CLANG_WARN_STRICT_PROTOTYPES = YES;
				CLANG_WARN_SUSPICIOUS_MOVE = YES;
				CLANG_WARN_UNGUARDED_AVAILABILITY = YES_AGGRESSIVE;
				CLANG_WARN_UNREACHABLE_CODE = YES;
				CLANG_WARN__DUPLICATE_METHOD_MATCH = YES;
				COPY_PHASE_STRIP = NO;
				DEBUG_INFORMATION_FORMAT = "dwarf-with-dsym";
				ENABLE_NS_ASSERTIONS = NO;
				ENABLE_STRICT_OBJC_MSGSEND = YES;
				ENABLE_USER_SCRIPT_SANDBOXING = YES;
				GCC_C_LANGUAGE_STANDARD = gnu17;
				GCC_NO_COMMON_BLOCKS = YES;
				GCC_WARN_64_TO_32_BIT_CONVERSION = YES;
				GCC_WARN_ABOUT_RETURN_TYPE = YES_ERROR;
				GCC_WARN_UNDECLARED_SELECTOR = YES;
				GCC_WARN_UNINITIALIZED_AUTOS = YES_AGGRESSIVE;
				GCC_WARN_UNUSED_FUNCTION = YES;
				GCC_WARN_UNUSED_VARIABLE = YES;
				IPHONEOS_DEPLOYMENT_TARGET = 17.2;
				LOCALIZATION_PREFERS_STRING_CATALOGS = YES;
				MTL_ENABLE_DEBUG_INFO = NO;
				MTL_FAST_MATH = YES;
				SDKROOT = iphoneos;
				SWIFT_COMPILATION_MODE = wholemodule;
				VALIDATE_PRODUCT = YES;
			};
			name = Release;
		};
		5BC4C2422BB543B100E40CFB /* Debug */ = {
			isa = XCBuildConfiguration;
			buildSettings = {
				ASSETCATALOG_COMPILER_APPICON_NAME = AppIcon;
				ASSETCATALOG_COMPILER_GLOBAL_ACCENT_COLOR_NAME = AccentColor;
				CODE_SIGN_STYLE = Automatic;
				CURRENT_PROJECT_VERSION = 1;
				DEVELOPMENT_TEAM = R7B33JH46T;
				ENABLE_USER_SCRIPT_SANDBOXING = NO;
				GENERATE_INFOPLIST_FILE = YES;
				INFOPLIST_FILE = ExchangeRates/Info.plist;
				INFOPLIST_KEY_UIApplicationSupportsIndirectInputEvents = YES;
				INFOPLIST_KEY_UILaunchStoryboardName = LaunchScreen;
				INFOPLIST_KEY_UISupportedInterfaceOrientations_iPad = "UIInterfaceOrientationPortrait UIInterfaceOrientationPortraitUpsideDown UIInterfaceOrientationLandscapeLeft UIInterfaceOrientationLandscapeRight";
				INFOPLIST_KEY_UISupportedInterfaceOrientations_iPhone = "UIInterfaceOrientationPortrait UIInterfaceOrientationLandscapeLeft UIInterfaceOrientationLandscapeRight";
				IPHONEOS_DEPLOYMENT_TARGET = 15.6;
				"IPHONEOS_DEPLOYMENT_TARGET[sdk=iphoneos*]" = 15.6;
				LD_RUNPATH_SEARCH_PATHS = (
					"$(inherited)",
					"@executable_path/Frameworks",
				);
				MARKETING_VERSION = 1.0;
				PRODUCT_BUNDLE_IDENTIFIER = com.aChumakov.ExchangeRates;
				PRODUCT_NAME = "$(TARGET_NAME)";
				SWIFT_EMIT_LOC_STRINGS = YES;
				SWIFT_VERSION = 5.0;
				TARGETED_DEVICE_FAMILY = "1,2";
			};
			name = Debug;
		};
		5BC4C2432BB543B100E40CFB /* Release */ = {
			isa = XCBuildConfiguration;
			buildSettings = {
				ASSETCATALOG_COMPILER_APPICON_NAME = AppIcon;
				ASSETCATALOG_COMPILER_GLOBAL_ACCENT_COLOR_NAME = AccentColor;
				CODE_SIGN_STYLE = Automatic;
				CURRENT_PROJECT_VERSION = 1;
				DEVELOPMENT_TEAM = R7B33JH46T;
				ENABLE_USER_SCRIPT_SANDBOXING = NO;
				GENERATE_INFOPLIST_FILE = YES;
				INFOPLIST_FILE = ExchangeRates/Info.plist;
				INFOPLIST_KEY_UIApplicationSupportsIndirectInputEvents = YES;
				INFOPLIST_KEY_UILaunchStoryboardName = LaunchScreen;
				INFOPLIST_KEY_UISupportedInterfaceOrientations_iPad = "UIInterfaceOrientationPortrait UIInterfaceOrientationPortraitUpsideDown UIInterfaceOrientationLandscapeLeft UIInterfaceOrientationLandscapeRight";
				INFOPLIST_KEY_UISupportedInterfaceOrientations_iPhone = "UIInterfaceOrientationPortrait UIInterfaceOrientationLandscapeLeft UIInterfaceOrientationLandscapeRight";
				IPHONEOS_DEPLOYMENT_TARGET = 15.6;
				LD_RUNPATH_SEARCH_PATHS = (
					"$(inherited)",
					"@executable_path/Frameworks",
				);
				MARKETING_VERSION = 1.0;
				PRODUCT_BUNDLE_IDENTIFIER = com.aChumakov.ExchangeRates;
				PRODUCT_NAME = "$(TARGET_NAME)";
				SWIFT_EMIT_LOC_STRINGS = YES;
				SWIFT_VERSION = 5.0;
				TARGETED_DEVICE_FAMILY = "1,2";
			};
			name = Release;
		};
/* End XCBuildConfiguration section */

/* Begin XCConfigurationList section */
		5BC4C2282BB543AE00E40CFB /* Build configuration list for PBXProject "ExchangeRates" */ = {
			isa = XCConfigurationList;
			buildConfigurations = (
				5BC4C23F2BB543B100E40CFB /* Debug */,
				5BC4C2402BB543B100E40CFB /* Release */,
			);
			defaultConfigurationIsVisible = 0;
			defaultConfigurationName = Release;
		};
		5BC4C2412BB543B100E40CFB /* Build configuration list for PBXNativeTarget "ExchangeRates" */ = {
			isa = XCConfigurationList;
			buildConfigurations = (
				5BC4C2422BB543B100E40CFB /* Debug */,
				5BC4C2432BB543B100E40CFB /* Release */,
			);
			defaultConfigurationIsVisible = 0;
			defaultConfigurationName = Release;
		};
/* End XCConfigurationList section */
	};
	rootObject = 5BC4C2252BB543AE00E40CFB /* Project object */;
}
